// !$*UTF8*$!
{
	archiveVersion = 1;
	classes = {
	};
	objectVersion = 46;
	objects = {

/* Begin PBXBuildFile section */
		89D037A81DFEA5680018F9B7 /* main.m in Sources */ = {isa = PBXBuildFile; fileRef = 89D037A71DFEA5680018F9B7 /* main.m */; };
		89D037AB1DFEA5680018F9B7 /* AppDelegate.m in Sources */ = {isa = PBXBuildFile; fileRef = 89D037AA1DFEA5680018F9B7 /* AppDelegate.m */; };
		89D037AE1DFEA5680018F9B7 /* ViewController.m in Sources */ = {isa = PBXBuildFile; fileRef = 89D037AD1DFEA5680018F9B7 /* ViewController.m */; };
		89D037B11DFEA5680018F9B7 /* Main.storyboard in Resources */ = {isa = PBXBuildFile; fileRef = 89D037AF1DFEA5680018F9B7 /* Main.storyboard */; };
		89D037B31DFEA5680018F9B7 /* Assets.xcassets in Resources */ = {isa = PBXBuildFile; fileRef = 89D037B21DFEA5680018F9B7 /* Assets.xcassets */; };
		89D037B61DFEA5680018F9B7 /* LaunchScreen.storyboard in Resources */ = {isa = PBXBuildFile; fileRef = 89D037B41DFEA5680018F9B7 /* LaunchScreen.storyboard */; };
		89D037C11DFEA6240018F9B7 /* LeoTextField.m in Sources */ = {isa = PBXBuildFile; fileRef = 89D037C01DFEA6240018F9B7 /* LeoTextField.m */; };
/* End PBXBuildFile section */

/* Begin PBXFileReference section */
		89D037A31DFEA5680018F9B7 /* LeoTextFieldDemo.app */ = {isa = PBXFileReference; explicitFileType = wrapper.application; includeInIndex = 0; path = LeoTextFieldDemo.app; sourceTree = BUILT_PRODUCTS_DIR; };
		89D037A71DFEA5680018F9B7 /* main.m */ = {isa = PBXFileReference; lastKnownFileType = sourcecode.c.objc; path = main.m; sourceTree = "<group>"; };
		89D037A91DFEA5680018F9B7 /* AppDelegate.h */ = {isa = PBXFileReference; lastKnownFileType = sourcecode.c.h; path = AppDelegate.h; sourceTree = "<group>"; };
		89D037AA1DFEA5680018F9B7 /* AppDelegate.m */ = {isa = PBXFileReference; lastKnownFileType = sourcecode.c.objc; path = AppDelegate.m; sourceTree = "<group>"; };
		89D037AC1DFEA5680018F9B7 /* ViewController.h */ = {isa = PBXFileReference; lastKnownFileType = sourcecode.c.h; path = ViewController.h; sourceTree = "<group>"; };
		89D037AD1DFEA5680018F9B7 /* ViewController.m */ = {isa = PBXFileReference; lastKnownFileType = sourcecode.c.objc; path = ViewController.m; sourceTree = "<group>"; };
		89D037B01DFEA5680018F9B7 /* Base */ = {isa = PBXFileReference; lastKnownFileType = file.storyboard; name = Base; path = Base.lproj/Main.storyboard; sourceTree = "<group>"; };
		89D037B21DFEA5680018F9B7 /* Assets.xcassets */ = {isa = PBXFileReference; lastKnownFileType = folder.assetcatalog; path = Assets.xcassets; sourceTree = "<group>"; };
		89D037B51DFEA5680018F9B7 /* Base */ = {isa = PBXFileReference; lastKnownFileType = file.storyboard; name = Base; path = Base.lproj/LaunchScreen.storyboard; sourceTree = "<group>"; };
		89D037B71DFEA5680018F9B7 /* Info.plist */ = {isa = PBXFileReference; lastKnownFileType = text.plist.xml; path = Info.plist; sourceTree = "<group>"; };
		89D037BF1DFEA6240018F9B7 /* LeoTextField.h */ = {isa = PBXFileReference; fileEncoding = 4; lastKnownFileType = sourcecode.c.h; name = LeoTextField.h; path = ../LeoTextField/LeoTextField.h; sourceTree = "<group>"; };
		89D037C01DFEA6240018F9B7 /* LeoTextField.m */ = {isa = PBXFileReference; fileEncoding = 4; lastKnownFileType = sourcecode.c.objc; name = LeoTextField.m; path = ../LeoTextField/LeoTextField.m; sourceTree = "<group>"; };
/* End PBXFileReference section */

/* Begin PBXFrameworksBuildPhase section */
		89D037A01DFEA5680018F9B7 /* Frameworks */ = {
			isa = PBXFrameworksBuildPhase;
			buildActionMask = 2147483647;
			files = (
			);
			runOnlyForDeploymentPostprocessing = 0;
		};
/* End PBXFrameworksBuildPhase section */

/* Begin PBXGroup section */
		89D0379A1DFEA5680018F9B7 = {
			isa = PBXGroup;
			children = (
				89D037BE1DFEA6090018F9B7 /* LeoTextField */,
				89D037A51DFEA5680018F9B7 /* LeoTextFieldDemo */,
				89D037A41DFEA5680018F9B7 /* Products */,
			);
			sourceTree = "<group>";
		};
		89D037A41DFEA5680018F9B7 /* Products */ = {
			isa = PBXGroup;
			children = (
				89D037A31DFEA5680018F9B7 /* LeoTextFieldDemo.app */,
			);
			name = Products;
			sourceTree = "<group>";
		};
		89D037A51DFEA5680018F9B7 /* LeoTextFieldDemo */ = {
			isa = PBXGroup;
			children = (
				89D037A91DFEA5680018F9B7 /* AppDelegate.h */,
				89D037AA1DFEA5680018F9B7 /* AppDelegate.m */,
				89D037AC1DFEA5680018F9B7 /* ViewController.h */,
				89D037AD1DFEA5680018F9B7 /* ViewController.m */,
				89D037AF1DFEA5680018F9B7 /* Main.storyboard */,
				89D037B21DFEA5680018F9B7 /* Assets.xcassets */,
				89D037B41DFEA5680018F9B7 /* LaunchScreen.storyboard */,
				89D037B71DFEA5680018F9B7 /* Info.plist */,
				89D037A61DFEA5680018F9B7 /* Supporting Files */,
			);
			path = LeoTextFieldDemo;
			sourceTree = "<group>";
		};
		89D037A61DFEA5680018F9B7 /* Supporting Files */ = {
			isa = PBXGroup;
			children = (
				89D037A71DFEA5680018F9B7 /* main.m */,
			);
			name = "Supporting Files";
			sourceTree = "<group>";
		};
		89D037BE1DFEA6090018F9B7 /* LeoTextField */ = {
			isa = PBXGroup;
			children = (
				89D037BF1DFEA6240018F9B7 /* LeoTextField.h */,
				89D037C01DFEA6240018F9B7 /* LeoTextField.m */,
			);
			name = LeoTextField;
			sourceTree = "<group>";
		};
/* End PBXGroup section */

/* Begin PBXNativeTarget section */
		89D037A21DFEA5680018F9B7 /* LeoTextFieldDemo */ = {
			isa = PBXNativeTarget;
			buildConfigurationList = 89D037BA1DFEA5680018F9B7 /* Build configuration list for PBXNativeTarget "LeoTextFieldDemo" */;
			buildPhases = (
				89D0379F1DFEA5680018F9B7 /* Sources */,
				89D037A01DFEA5680018F9B7 /* Frameworks */,
				89D037A11DFEA5680018F9B7 /* Resources */,
			);
			buildRules = (
			);
			dependencies = (
			);
			name = LeoTextFieldDemo;
			productName = LeoTextFieldDemo;
			productReference = 89D037A31DFEA5680018F9B7 /* LeoTextFieldDemo.app */;
			productType = "com.apple.product-type.application";
		};
/* End PBXNativeTarget section */

/* Begin PBXProject section */
		89D0379B1DFEA5680018F9B7 /* Project object */ = {
			isa = PBXProject;
			attributes = {
				LastUpgradeCheck = 0810;
				ORGANIZATIONNAME = Leo.Chen;
				TargetAttributes = {
					89D037A21DFEA5680018F9B7 = {
						CreatedOnToolsVersion = 8.1;
						ProvisioningStyle = Manual;
					};
				};
			};
			buildConfigurationList = 89D0379E1DFEA5680018F9B7 /* Build configuration list for PBXProject "LeoTextFieldDemo" */;
			compatibilityVersion = "Xcode 3.2";
			developmentRegion = English;
			hasScannedForEncodings = 0;
			knownRegions = (
				en,
				Base,
			);
			mainGroup = 89D0379A1DFEA5680018F9B7;
			productRefGroup = 89D037A41DFEA5680018F9B7 /* Products */;
			projectDirPath = "";
			projectRoot = "";
			targets = (
				89D037A21DFEA5680018F9B7 /* LeoTextFieldDemo */,
			);
		};
/* End PBXProject section */

/* Begin PBXResourcesBuildPhase section */
		89D037A11DFEA5680018F9B7 /* Resources */ = {
			isa = PBXResourcesBuildPhase;
			buildActionMask = 2147483647;
			files = (
				89D037B61DFEA5680018F9B7 /* LaunchScreen.storyboard in Resources */,
				89D037B31DFEA5680018F9B7 /* Assets.xcassets in Resources */,
				89D037B11DFEA5680018F9B7 /* Main.storyboard in Resources */,
			);
			runOnlyForDeploymentPostprocessing = 0;
		};
/* End PBXResourcesBuildPhase section */

/* Begin PBXSourcesBuildPhase section */
		89D0379F1DFEA5680018F9B7 /* Sources */ = {
			isa = PBXSourcesBuildPhase;
			buildActionMask = 2147483647;
			files = (
				89D037AE1DFEA5680018F9B7 /* ViewController.m in Sources */,
				89D037AB1DFEA5680018F9B7 /* AppDelegate.m in Sources */,
				89D037C11DFEA6240018F9B7 /* LeoTextField.m in Sources */,
				89D037A81DFEA5680018F9B7 /* main.m in Sources */,
			);
			runOnlyForDeploymentPostprocessing = 0;
		};
/* End PBXSourcesBuildPhase section */

/* Begin PBXVariantGroup section */
		89D037AF1DFEA5680018F9B7 /* Main.storyboard */ = {
			isa = PBXVariantGroup;
			children = (
				89D037B01DFEA5680018F9B7 /* Base */,
			);
			name = Main.storyboard;
			sourceTree = "<group>";
		};
		89D037B41DFEA5680018F9B7 /* LaunchScreen.storyboard */ = {
			isa = PBXVariantGroup;
			children = (
				89D037B51DFEA5680018F9B7 /* Base */,
			);
			name = LaunchScreen.storyboard;
			sourceTree = "<group>";
		};
/* End PBXVariantGroup section */

/* Begin XCBuildConfiguration section */
		89D037B81DFEA5680018F9B7 /* Debug */ = {
			isa = XCBuildConfiguration;
			buildSettings = {
				ALWAYS_SEARCH_USER_PATHS = NO;
				CLANG_ANALYZER_NONNULL = YES;
				CLANG_CXX_LANGUAGE_STANDARD = "gnu++0x";
				CLANG_CXX_LIBRARY = "libc++";
				CLANG_ENABLE_MODULES = YES;
				CLANG_ENABLE_OBJC_ARC = YES;
				CLANG_WARN_BOOL_CONVERSION = YES;
				CLANG_WARN_CONSTANT_CONVERSION = YES;
				CLANG_WARN_DIRECT_OBJC_ISA_USAGE = YES_ERROR;
				CLANG_WARN_DOCUMENTATION_COMMENTS = YES;
				CLANG_WARN_EMPTY_BODY = YES;
				CLANG_WARN_ENUM_CONVERSION = YES;
				CLANG_WARN_INFINITE_RECURSION = YES;
				CLANG_WARN_INT_CONVERSION = YES;
				CLANG_WARN_OBJC_ROOT_CLASS = YES_ERROR;
				CLANG_WARN_SUSPICIOUS_MOVES = YES;
				CLANG_WARN_UNREACHABLE_CODE = YES;
				CLANG_WARN__DUPLICATE_METHOD_MATCH = YES;
				"CODE_SIGN_IDENTITY[sdk=iphoneos*]" = "iPhone Developer";
				COPY_PHASE_STRIP = NO;
				DEBUG_INFORMATION_FORMAT = dwarf;
				ENABLE_STRICT_OBJC_MSGSEND = YES;
				ENABLE_TESTABILITY = YES;
				GCC_C_LANGUAGE_STANDARD = gnu99;
				GCC_DYNAMIC_NO_PIC = NO;
				GCC_NO_COMMON_BLOCKS = YES;
				GCC_OPTIMIZATION_LEVEL = 0;
				GCC_PREPROCESSOR_DEFINITIONS = (
					"DEBUG=1",
					"$(inherited)",
				);
				GCC_WARN_64_TO_32_BIT_CONVERSION = YES;
				GCC_WARN_ABOUT_RETURN_TYPE = YES_ERROR;
				GCC_WARN_UNDECLARED_SELECTOR = YES;
				GCC_WARN_UNINITIALIZED_AUTOS = YES_AGGRESSIVE;
				GCC_WARN_UNUSED_FUNCTION = YES;
				GCC_WARN_UNUSED_VARIABLE = YES;
				IPHONEOS_DEPLOYMENT_TARGET = 10.1;
				MTL_ENABLE_DEBUG_INFO = YES;
				ONLY_ACTIVE_ARCH = YES;
				SDKROOT = iphoneos;
				TARGETED_DEVICE_FAMILY = "1,2";
			};
			name = Debug;
		};
		89D037B91DFEA5680018F9B7 /* Release */ = {
			isa = XCBuildConfiguration;
			buildSettings = {
				ALWAYS_SEARCH_USER_PATHS = NO;
				CLANG_ANALYZER_NONNULL = YES;
				CLANG_CXX_LANGUAGE_STANDARD = "gnu++0x";
				CLANG_CXX_LIBRARY = "libc++";
				CLANG_ENABLE_MODULES = YES;
				CLANG_ENABLE_OBJC_ARC = YES;
				CLANG_WARN_BOOL_CONVERSION = YES;
				CLANG_WARN_CONSTANT_CONVERSION = YES;
				CLANG_WARN_DIRECT_OBJC_ISA_USAGE = YES_ERROR;
				CLANG_WARN_DOCUMENTATION_COMMENTS = YES;
				CLANG_WARN_EMPTY_BODY = YES;
				CLANG_WARN_ENUM_CONVERSION = YES;
				CLANG_WARN_INFINITE_RECURSION = YES;
				CLANG_WARN_INT_CONVERSION = YES;
				CLANG_WARN_OBJC_ROOT_CLASS = YES_ERROR;
				CLANG_WARN_SUSPICIOUS_MOVES = YES;
				CLANG_WARN_UNREACHABLE_CODE = YES;
				CLANG_WARN__DUPLICATE_METHOD_MATCH = YES;
				"CODE_SIGN_IDENTITY[sdk=iphoneos*]" = "iPhone Developer";
				COPY_PHASE_STRIP = NO;
				DEBUG_INFORMATION_FORMAT = "dwarf-with-dsym";
				ENABLE_NS_ASSERTIONS = NO;
				ENABLE_STRICT_OBJC_MSGSEND = YES;
				GCC_C_LANGUAGE_STANDARD = gnu99;
				GCC_NO_COMMON_BLOCKS = YES;
				GCC_WARN_64_TO_32_BIT_CONVERSION = YES;
				GCC_WARN_ABOUT_RETURN_TYPE = YES_ERROR;
				GCC_WARN_UNDECLARED_SELECTOR = YES;
				GCC_WARN_UNINITIALIZED_AUTOS = YES_AGGRESSIVE;
				GCC_WARN_UNUSED_FUNCTION = YES;
				GCC_WARN_UNUSED_VARIABLE = YES;
				IPHONEOS_DEPLOYMENT_TARGET = 10.1;
				MTL_ENABLE_DEBUG_INFO = NO;
				SDKROOT = iphoneos;
				TARGETED_DEVICE_FAMILY = "1,2";
				VALIDATE_PRODUCT = YES;
			};
			name = Release;
		};
		89D037BB1DFEA5680018F9B7 /* Debug */ = {
			isa = XCBuildConfiguration;
			buildSettings = {
				ASSETCATALOG_COMPILER_APPICON_NAME = AppIcon;
				DEVELOPMENT_TEAM = "";
				INFOPLIST_FILE = LeoTextFieldDemo/Info.plist;
				IPHONEOS_DEPLOYMENT_TARGET = 8.0;
				LD_RUNPATH_SEARCH_PATHS = "$(inherited) @executable_path/Frameworks";
				PRODUCT_BUNDLE_IDENTIFIER = com.Leo.Chen.LeoTextFieldDemo;
				PRODUCT_NAME = "$(TARGET_NAME)";
			};
			name = Debug;
		};
		89D037BC1DFEA5680018F9B7 /* Release */ = {
			isa = XCBuildConfiguration;
			buildSettings = {
				ASSETCATALOG_COMPILER_APPICON_NAME = AppIcon;
				DEVELOPMENT_TEAM = "";
				INFOPLIST_FILE = LeoTextFieldDemo/Info.plist;
				IPHONEOS_DEPLOYMENT_TARGET = 8.0;
				LD_RUNPATH_SEARCH_PATHS = "$(inherited) @executable_path/Frameworks";
				PRODUCT_BUNDLE_IDENTIFIER = com.Leo.Chen.LeoTextFieldDemo;
				PRODUCT_NAME = "$(TARGET_NAME)";
			};
			name = Release;
		};
/* End XCBuildConfiguration section */

/* Begin XCConfigurationList section */
		89D0379E1DFEA5680018F9B7 /* Build configuration list for PBXProject "LeoTextFieldDemo" */ = {
			isa = XCConfigurationList;
			buildConfigurations = (
				89D037B81DFEA5680018F9B7 /* Debug */,
				89D037B91DFEA5680018F9B7 /* Release */,
			);
			defaultConfigurationIsVisible = 0;
			defaultConfigurationName = Release;
		};
		89D037BA1DFEA5680018F9B7 /* Build configuration list for PBXNativeTarget "LeoTextFieldDemo" */ = {
			isa = XCConfigurationList;
			buildConfigurations = (
				89D037BB1DFEA5680018F9B7 /* Debug */,
				89D037BC1DFEA5680018F9B7 /* Release */,
			);
			defaultConfigurationIsVisible = 0;
			defaultConfigurationName = Release;
		};
/* End XCConfigurationList section */
	};
	rootObject = 89D0379B1DFEA5680018F9B7 /* Project object */;
}
